<?xml version="1.0" encoding="UTF-8"?>
<CONFIG>
  <ProjectOptions>
    <Version Value="11"/>
    <PathDelim Value="\"/>
    <General>
      <Flags>
        <MainUnitHasUsesSectionForAllUnits Value="False"/>
      </Flags>
      <SessionStorage Value="InProjectDir"/>
      <MainUnit Value="0"/>
      <Title Value="BMDS"/>
      <ResourceType Value="res"/>
      <UseXPManifest Value="True"/>
      <Icon Value="0"/>
    </General>
    <i18n>
      <EnableI18N LFM="False"/>
    </i18n>
    <VersionInfo>
      <UseVersionInfo Value="True"/>
      <AutoIncrementBuild Value="True"/>
      <MajorVersionNr Value="3"/>
      <MinorVersionNr Value="4"/>
      <BuildNr Value="347"/>
      <Language Value="0809"/>
    </VersionInfo>
    <BuildModes Count="1">
      <Item1 Name="Default" Default="True"/>
    </BuildModes>
    <PublishOptions>
      <Version Value="2"/>
    </PublishOptions>
    <RunParams>
      <FormatVersion Value="2"/>
      <Modes Count="1">
        <Mode0 Name="default"/>
      </Modes>
    </RunParams>
    <RequiredPackages Count="2">
      <Item1>
        <PackageName Value="SynEdit"/>
      </Item1>
      <Item2>
        <PackageName Value="LCL"/>
      </Item2>
    </RequiredPackages>
    <Units Count="60">
      <Unit0>
        <Filename Value="BMDS.lpr"/>
        <IsPartOfProject Value="True"/>
      </Unit0>
      <Unit1>
        <Filename Value="uAboutForm.pas"/>
        <IsPartOfProject Value="True"/>
        <ComponentName Value="AboutForm"/>
        <HasResources Value="True"/>
        <ResourceBaseClass Value="Form"/>
      </Unit1>
      <Unit2>
        <Filename Value="uCommon.pas"/>
        <IsPartOfProject Value="True"/>
      </Unit2>
      <Unit3>
        <Filename Value="uIniFile.pas"/>
        <IsPartOfProject Value="True"/>
      </Unit3>
      <Unit4>
        <Filename Value="uMainForm.pas"/>
        <IsPartOfProject Value="True"/>
        <ComponentName Value="MainForm"/>
        <HasResources Value="True"/>
        <ResourceBaseClass Value="Form"/>
      </Unit4>
      <Unit5>
        <Filename Value="assembler\uAssembler.pas"/>
        <IsPartOfProject Value="True"/>
      </Unit5>
      <Unit6>
        <Filename Value="assembler\uHashTables.pas"/>
        <IsPartOfProject Value="True"/>
      </Unit6>
      <Unit7>
        <Filename Value="assembler\uListing.old.pas"/>
        <IsPartOfProject Value="True"/>
      </Unit7>
      <Unit8>
        <Filename Value="assembler\uParser.pas"/>
        <IsPartOfProject Value="True"/>
      </Unit8>
      <Unit9>
        <Filename Value="assembler\uReadWriteHex.pas"/>
        <IsPartOfProject Value="True"/>
      </Unit9>
      <Unit10>
        <Filename Value="assembler\uSymbols.pas"/>
        <IsPartOfProject Value="True"/>
      </Unit10>
      <Unit11>
        <Filename Value="cpu\uCpuBase.pas"/>
        <IsPartOfProject Value="True"/>
      </Unit11>
      <Unit12>
        <Filename Value="cpu\6502\uCpu6502.pas"/>
        <IsPartOfProject Value="True"/>
      </Unit12>
      <Unit13>
        <Filename Value="cpu\6502\uDis6502.pas"/>
        <IsPartOfProject Value="True"/>
      </Unit13>
      <Unit14>
        <Filename Value="cpu\6502\uDefs6502.pas"/>
        <IsPartOfProject Value="True"/>
      </Unit14>
      <Unit15>
        <Filename Value="debug\uCompareForm.pas"/>
        <IsPartOfProject Value="True"/>
        <ComponentName Value="CompareForm"/>
        <HasResources Value="True"/>
        <ResourceBaseClass Value="Form"/>
      </Unit15>
      <Unit16>
        <Filename Value="debug\uGetAddrForm.pas"/>
        <IsPartOfProject Value="True"/>
        <ComponentName Value="GetAddressBox"/>
        <HasResources Value="True"/>
        <ResourceBaseClass Value="Form"/>
      </Unit16>
      <Unit17>
        <Filename Value="disassembler\uDisassembler.pas"/>
        <IsPartOfProject Value="True"/>
        <ComponentName Value="DisassemblerForm"/>
        <HasResources Value="True"/>
        <ResourceBaseClass Value="Form"/>
      </Unit17>
      <Unit18>
        <Filename Value="editor\uSourceEditorForm.pas"/>
        <IsPartOfProject Value="True"/>
        <ComponentName Value="EditorForm"/>
        <HasResources Value="True"/>
        <ResourceBaseClass Value="Form"/>
      </Unit18>
      <Unit19>
        <Filename Value="editor\uPageManager.pas"/>
        <IsPartOfProject Value="True"/>
      </Unit19>
      <Unit20>
        <Filename Value="editor\uSynHighlighterAsm.pas"/>
        <IsPartOfProject Value="True"/>
      </Unit20>
      <Unit21>
        <Filename Value="machine\uAddrDefs.pas"/>
        <IsPartOfProject Value="True"/>
      </Unit21>
      <Unit22>
        <Filename Value="machine\uMachineBase.pas"/>
        <IsPartOfProject Value="True"/>
      </Unit22>
      <Unit23>
        <Filename Value="machine\CHIP-8\uMachineChip8.pas"/>
        <IsPartOfProject Value="True"/>
      </Unit23>
      <Unit24>
        <Filename Value="cpu\CHIP-8\uCpuChip8.pas"/>
        <IsPartOfProject Value="True"/>
      </Unit24>
      <Unit25>
        <Filename Value="cpu\CHIP-8\uDefsChip8.pas"/>
        <IsPartOfProject Value="True"/>
      </Unit25>
      <Unit26>
        <Filename Value="cpu\CHIP-8\uDisChip8.pas"/>
        <IsPartOfProject Value="True"/>
      </Unit26>
      <Unit27>
        <Filename Value="cpu\CHIP-8\uRegistersFormChip8.pas"/>
        <IsPartOfProject Value="True"/>
        <ComponentName Value="RegistersFormChip8"/>
        <HasResources Value="True"/>
        <ResourceBaseClass Value="Form"/>
      </Unit27>
      <Unit28>
        <Filename Value="machine\microtan65\uMachineMicrotan.pas"/>
        <IsPartOfProject Value="True"/>
      </Unit28>
      <Unit29>
        <Filename Value="uFilesMgr.pas"/>
        <IsPartOfProject Value="True"/>
      </Unit29>
      <Unit30>
        <Filename Value="uPreferencesForm.pas"/>
        <IsPartOfProject Value="True"/>
        <ComponentName Value="PreferencesForm"/>
        <HasResources Value="True"/>
        <ResourceBaseClass Value="Form"/>
      </Unit30>
      <Unit31>
        <Filename Value="SDL2\SDL2.pas"/>
        <IsPartOfProject Value="True"/>
      </Unit31>
      <Unit32>
        <Filename Value="cpu\8080\uCpu8080.pas"/>
        <IsPartOfProject Value="True"/>
      </Unit32>
      <Unit33>
        <Filename Value="machine\SpaceInvaders\uMachineSpaceInvaders.pas"/>
        <IsPartOfProject Value="True"/>
      </Unit33>
      <Unit34>
        <Filename Value="cpu\8080\uDefs8080.pas"/>
        <IsPartOfProject Value="True"/>
      </Unit34>
      <Unit35>
        <Filename Value="cpu\8080\uDis8080.pas"/>
        <IsPartOfProject Value="True"/>
      </Unit35>
      <Unit36>
        <Filename Value="cpu\8080\uRegistersForm8080.pas"/>
        <IsPartOfProject Value="True"/>
        <ComponentName Value="RegistersForm8080"/>
        <HasResources Value="True"/>
        <ResourceBaseClass Value="Form"/>
      </Unit36>
      <Unit37>
        <Filename Value="uMemoryMgr.pas"/>
        <IsPartOfProject Value="True"/>
      </Unit37>
      <Unit38>
        <Filename Value="uSoundMgr.pas"/>
        <IsPartOfProject Value="True"/>
      </Unit38>
      <Unit39>
        <Filename Value="SDL2\SDL2_mixer.pas"/>
        <IsPartOfProject Value="True"/>
      </Unit39>
      <Unit40>
        <Filename Value="assembler\uAsmErrors.pas"/>
        <IsPartOfProject Value="True"/>
      </Unit40>
      <Unit41>
        <Filename Value="assembler\uAsmListing.pas"/>
        <IsPartOfProject Value="True"/>
      </Unit41>
      <Unit42>
        <Filename Value="assembler\uAsmFiles.pas"/>
        <IsPartOfProject Value="True"/>
      </Unit42>
      <Unit43>
        <Filename Value="editor\uEditor.pas"/>
        <IsPartOfProject Value="True"/>
      </Unit43>
      <Unit44>
        <Filename Value="editor\uFormatter.pas"/>
        <IsPartOfProject Value="True"/>
      </Unit44>
      <Unit45>
        <Filename Value="editor\uMRU.pas"/>
        <IsPartOfProject Value="True"/>
      </Unit45>
      <Unit46>
        <Filename Value="assembler\uAsmListHtml.pas"/>
        <IsPartOfProject Value="True"/>
      </Unit46>
      <Unit47>
        <Filename Value="debug\uDebugForm.pas"/>
        <IsPartOfProject Value="True"/>
        <ComponentName Value="DebugForm"/>
        <HasResources Value="True"/>
        <ResourceBaseClass Value="Form"/>
      </Unit47>
      <Unit48>
        <Filename Value="debug\uMemoryFrame.pas"/>
        <IsPartOfProject Value="True"/>
        <ComponentName Value="MemoryFrame"/>
        <HasResources Value="True"/>
        <ResourceBaseClass Value="Frame"/>
      </Unit48>
      <Unit49>
        <Filename Value="machine\uMachineConfigBase.pas"/>
        <IsPartOfProject Value="True"/>
        <ComponentName Value="MachineConfigFrame"/>
        <HasResources Value="True"/>
        <ResourceBaseClass Value="Frame"/>
      </Unit49>
      <Unit50>
        <Filename Value="machine\microtan65\uConfigMicrotan.pas"/>
        <IsPartOfProject Value="True"/>
        <ComponentName Value="ConfigMicrotan"/>
        <HasResources Value="True"/>
        <ResourceBaseClass Value="Frame"/>
      </Unit50>
      <Unit51>
        <Filename Value="machine\uMachineInfoForm.pas"/>
        <IsPartOfProject Value="True"/>
        <ComponentName Value="MachineInfoForm"/>
        <HasResources Value="True"/>
        <ResourceBaseClass Value="Form"/>
      </Unit51>
      <Unit52>
        <Filename Value="assembler\uAsmConfigFrame.pas"/>
        <IsPartOfProject Value="True"/>
        <ComponentName Value="AsmConfigFrame"/>
        <ResourceBaseClass Value="Frame"/>
      </Unit52>
      <Unit53>
        <Filename Value="cpu\uRegistersFrameBase.pas"/>
        <IsPartOfProject Value="True"/>
        <ComponentName Value="RegistersFrame"/>
        <HasResources Value="True"/>
        <ResourceBaseClass Value="Frame"/>
      </Unit53>
      <Unit54>
        <Filename Value="cpu\6502\uRegistersFrame6502.pas"/>
        <IsPartOfProject Value="True"/>
        <ComponentName Value="RegistersFrame6502"/>
        <HasResources Value="True"/>
        <ResourceBaseClass Value="Frame"/>
      </Unit54>
      <Unit55>
        <Filename Value="debug\uTraceFrame.pas"/>
        <IsPartOfProject Value="True"/>
        <ComponentName Value="TraceFrame"/>
        <HasResources Value="True"/>
        <ResourceBaseClass Value="Frame"/>
      </Unit55>
      <Unit56>
        <Filename Value="debug\uBreakpointsFrame.pas"/>
        <IsPartOfProject Value="True"/>
        <ComponentName Value="BreakpointsFrame"/>
        <HasResources Value="True"/>
        <ResourceBaseClass Value="Frame"/>
      </Unit56>
      <Unit57>
        <Filename Value="debug\uWatchesFrame.pas"/>
        <IsPartOfProject Value="True"/>
        <ComponentName Value="WatchesFrame"/>
        <ResourceBaseClass Value="Frame"/>
      </Unit57>
      <Unit58>
        <Filename Value="uGfxMgr.pas"/>
        <IsPartOfProject Value="True"/>
      </Unit58>
      <Unit59>
        <Filename Value="machine\SpaceInvaders\uConfigSpaceInvaders.pas"/>
        <IsPartOfProject Value="True"/>
        <ComponentName Value="ConfigSpaceInvaders"/>
        <HasResources Value="True"/>
        <ResourceBaseClass Value="Frame"/>
      </Unit59>
    </Units>
  </ProjectOptions>
  <CompilerOptions>
    <Version Value="11"/>
    <PathDelim Value="\"/>
    <Target>
      <Filename Value="..\_bin\BMDS"/>
    </Target>
    <SearchPaths>
      <IncludeFiles Value="$(ProjOutDir)"/>
      <OtherUnitFiles Value="machine;machine\microtan65;machine\CHIP-8;cpu;cpu\6502;cpu\CHIP-8;editor;debug;assembler;disassembler;SDL2;cpu\8080;machine\SpaceInvaders;$ Convert SI Source"/>
      <UnitOutputDirectory Value="..\_obj"/>
    </SearchPaths>
    <CodeGeneration>
      <TargetCPU Value="x86_64"/>
      <TargetOS Value="darwin"/>
    </CodeGeneration>
    <Linking>
      <Debugging>
        <DebugInfoType Value="dsDwarf3"/>
        <UseHeaptrc Value="True"/>
      </Debugging>
      <Options>
        <Win32>
          <GraphicApplication Value="True"/>
        </Win32>
      </Options>
    </Linking>
    <Other>
      <OtherDefines Count="1">
        <Define0 Value="CpuDiag"/>
      </OtherDefines>
    </Other>
  </CompilerOptions>
  <Debugging>
    <Exceptions Count="3">
      <Item1>
        <Name Value="EAbort"/>
      </Item1>
      <Item2>
        <Name Value="ECodetoolError"/>
      </Item2>
      <Item3>
        <Name Value="EFOpenError"/>
      </Item3>
    </Exceptions>
  </Debugging>
</CONFIG>
